
Microsoft Visual Studio Solution File, Format Version 12.00
# Visual Studio Version 17
VisualStudioVersion = 17.13.35931.197
MinimumVisualStudioVersion = 10.0.40219.1
Project("{FAE04EC0-301F-11D3-BF4B-00C04F79EFBC}") = "TaskTrackerApp.API.NETCore", "TaskTrackerApp.API.NETCore.csproj", "{EC18287A-F56F-42E8-B7A2-9350295DD708}"
EndProject
Project("{FAE04EC0-301F-11D3-BF4B-00C04F79EFBC}") = "TaskTrackerApp.IntegrationTests", "..\TaskTrackerApp.IntegrationTests\TaskTrackerApp.IntegrationTests.csproj", "{A5EBDE84-DA55-4E48-9664-53784112E7E3}"
EndProject
Project("{FAE04EC0-301F-11D3-BF4B-00C04F79EFBC}") = "TaskTrackerApp.UnitTests", "..\TaskTrackerApp.UnitTests\TaskTrackerApp.UnitTests.csproj", "{B3EEE86E-EE52-499B-B2B2-131B197FCC89}"
EndProject
Global
	GlobalSection(SolutionConfigurationPlatforms) = preSolution
		Debug|Any CPU = Debug|Any CPU
		Release|Any CPU = Release|Any CPU
	EndGlobalSection
	GlobalSection(ProjectConfigurationPlatforms) = postSolution
		{EC18287A-F56F-42E8-B7A2-9350295DD708}.Debug|Any CPU.ActiveCfg = Debug|Any CPU
		{EC18287A-F56F-42E8-B7A2-9350295DD708}.Debug|Any CPU.Build.0 = Debug|Any CPU
		{EC18287A-F56F-42E8-B7A2-9350295DD708}.Release|Any CPU.ActiveCfg = Release|Any CPU
		{EC18287A-F56F-42E8-B7A2-9350295DD708}.Release|Any CPU.Build.0 = Release|Any CPU
		{A5EBDE84-DA55-4E48-9664-53784112E7E3}.Debug|Any CPU.ActiveCfg = Debug|Any CPU
		{A5EBDE84-DA55-4E48-9664-53784112E7E3}.Debug|Any CPU.Build.0 = Debug|Any CPU
		{A5EBDE84-DA55-4E48-9664-53784112E7E3}.Release|Any CPU.ActiveCfg = Release|Any CPU
		{A5EBDE84-DA55-4E48-9664-53784112E7E3}.Release|Any CPU.Build.0 = Release|Any CPU
		{B3EEE86E-EE52-499B-B2B2-131B197FCC89}.Debug|Any CPU.ActiveCfg = Debug|Any CPU
		{B3EEE86E-EE52-499B-B2B2-131B197FCC89}.Debug|Any CPU.Build.0 = Debug|Any CPU
		{B3EEE86E-EE52-499B-B2B2-131B197FCC89}.Release|Any CPU.ActiveCfg = Release|Any CPU
		{B3EEE86E-EE52-499B-B2B2-131B197FCC89}.Release|Any CPU.Build.0 = Release|Any CPU
	EndGlobalSection
	GlobalSection(SolutionProperties) = preSolution
		HideSolutionNode = FALSE
	EndGlobalSection
	GlobalSection(ExtensibilityGlobals) = postSolution
		SolutionGuid = {BFAE67A7-2E32-44D1-9318-33A827868257}
	EndGlobalSection
EndGlobal
